
Microsoft Visual Studio Solution File, Format Version 12.00
# Visual Studio Version 16
VisualStudioVersion = 16.0.30621.155
MinimumVisualStudioVersion = 10.0.40219.1
Project("{8BC9CEB8-8B4A-11D0-8D11-00A0C91BC942}") = "Ch1OOP", "Ch1OOP\ch1OOP.vcxproj", "{60DD9222-B9D8-45E2-8EF6-80E8282DBF5F}"
EndProject
Project("{8BC9CEB8-8B4A-11D0-8D11-00A0C91BC942}") = "Ch3Singly_Linked_List", "Ch3Singly_Linked_List\Ch3Singly_Linked_List.vcxproj", "{7A4B9FB6-D35C-44BF-B97B-2783E62998E7}"
EndProject
Project("{8BC9CEB8-8B4A-11D0-8D11-00A0C91BC942}") = "Ch1Database", "Ch1Database\database.vcxproj", "{EECAA8BA-31BA-44AE-9A83-7248084369A9}"
EndProject
Project("{8BC9CEB8-8B4A-11D0-8D11-00A0C91BC942}") = "Ch3genDLList", "Ch3genDLList\Ch3genDLList.vcxproj", "{FCEE97EF-10B9-4F95-AC59-C377FA26B009}"
EndProject
Project("{8BC9CEB8-8B4A-11D0-8D11-00A0C91BC942}") = "Ch3genSkipL", "Ch3genSkipL\Ch3genSkipL.vcxproj", "{6B3B91B3-2DFA-4DAF-B7D5-9B5F080DBAF9}"
EndProject
Project("{8BC9CEB8-8B4A-11D0-8D11-00A0C91BC942}") = "Ch3stdList", "Ch3stdList\Ch3stdList.vcxproj", "{76712499-17EA-4DD9-B20D-9F3D56BBA7FD}"
EndProject
Project("{8BC9CEB8-8B4A-11D0-8D11-00A0C91BC942}") = "Ch3Library", "Ch3Library\Ch3Library.vcxproj", "{A3DED37A-A744-49F4-9619-4A37FD43DC6D}"
EndProject
Global
	GlobalSection(SolutionConfigurationPlatforms) = preSolution
		Debug|x64 = Debug|x64
		Debug|x86 = Debug|x86
		Release|x64 = Release|x64
		Release|x86 = Release|x86
	EndGlobalSection
	GlobalSection(ProjectConfigurationPlatforms) = postSolution
		{60DD9222-B9D8-45E2-8EF6-80E8282DBF5F}.Debug|x64.ActiveCfg = Debug|x64
		{60DD9222-B9D8-45E2-8EF6-80E8282DBF5F}.Debug|x64.Build.0 = Debug|x64
		{60DD9222-B9D8-45E2-8EF6-80E8282DBF5F}.Debug|x86.ActiveCfg = Debug|Win32
		{60DD9222-B9D8-45E2-8EF6-80E8282DBF5F}.Debug|x86.Build.0 = Debug|Win32
		{60DD9222-B9D8-45E2-8EF6-80E8282DBF5F}.Release|x64.ActiveCfg = Release|x64
		{60DD9222-B9D8-45E2-8EF6-80E8282DBF5F}.Release|x64.Build.0 = Release|x64
		{60DD9222-B9D8-45E2-8EF6-80E8282DBF5F}.Release|x86.ActiveCfg = Release|Win32
		{60DD9222-B9D8-45E2-8EF6-80E8282DBF5F}.Release|x86.Build.0 = Release|Win32
		{7A4B9FB6-D35C-44BF-B97B-2783E62998E7}.Debug|x64.ActiveCfg = Debug|x64
		{7A4B9FB6-D35C-44BF-B97B-2783E62998E7}.Debug|x64.Build.0 = Debug|x64
		{7A4B9FB6-D35C-44BF-B97B-2783E62998E7}.Debug|x86.ActiveCfg = Debug|Win32
		{7A4B9FB6-D35C-44BF-B97B-2783E62998E7}.Debug|x86.Build.0 = Debug|Win32
		{7A4B9FB6-D35C-44BF-B97B-2783E62998E7}.Release|x64.ActiveCfg = Release|x64
		{7A4B9FB6-D35C-44BF-B97B-2783E62998E7}.Release|x64.Build.0 = Release|x64
		{7A4B9FB6-D35C-44BF-B97B-2783E62998E7}.Release|x86.ActiveCfg = Release|Win32
		{7A4B9FB6-D35C-44BF-B97B-2783E62998E7}.Release|x86.Build.0 = Release|Win32
		{EECAA8BA-31BA-44AE-9A83-7248084369A9}.Debug|x64.ActiveCfg = Debug|x64
		{EECAA8BA-31BA-44AE-9A83-7248084369A9}.Debug|x64.Build.0 = Debug|x64
		{EECAA8BA-31BA-44AE-9A83-7248084369A9}.Debug|x86.ActiveCfg = Debug|Win32
		{EECAA8BA-31BA-44AE-9A83-7248084369A9}.Debug|x86.Build.0 = Debug|Win32
		{EECAA8BA-31BA-44AE-9A83-7248084369A9}.Release|x64.ActiveCfg = Release|x64
		{EECAA8BA-31BA-44AE-9A83-7248084369A9}.Release|x64.Build.0 = Release|x64
		{EECAA8BA-31BA-44AE-9A83-7248084369A9}.Release|x86.ActiveCfg = Release|Win32
		{EECAA8BA-31BA-44AE-9A83-7248084369A9}.Release|x86.Build.0 = Release|Win32
		{FCEE97EF-10B9-4F95-AC59-C377FA26B009}.Debug|x64.ActiveCfg = Debug|x64
		{FCEE97EF-10B9-4F95-AC59-C377FA26B009}.Debug|x64.Build.0 = Debug|x64
		{FCEE97EF-10B9-4F95-AC59-C377FA26B009}.Debug|x86.ActiveCfg = Debug|Win32
		{FCEE97EF-10B9-4F95-AC59-C377FA26B009}.Debug|x86.Build.0 = Debug|Win32
		{FCEE97EF-10B9-4F95-AC59-C377FA26B009}.Release|x64.ActiveCfg = Release|x64
		{FCEE97EF-10B9-4F95-AC59-C377FA26B009}.Release|x64.Build.0 = Release|x64
		{FCEE97EF-10B9-4F95-AC59-C377FA26B009}.Release|x86.ActiveCfg = Release|Win32
		{FCEE97EF-10B9-4F95-AC59-C377FA26B009}.Release|x86.Build.0 = Release|Win32
		{6B3B91B3-2DFA-4DAF-B7D5-9B5F080DBAF9}.Debug|x64.ActiveCfg = Debug|x64
		{6B3B91B3-2DFA-4DAF-B7D5-9B5F080DBAF9}.Debug|x64.Build.0 = Debug|x64
		{6B3B91B3-2DFA-4DAF-B7D5-9B5F080DBAF9}.Debug|x86.ActiveCfg = Debug|Win32
		{6B3B91B3-2DFA-4DAF-B7D5-9B5F080DBAF9}.Debug|x86.Build.0 = Debug|Win32
		{6B3B91B3-2DFA-4DAF-B7D5-9B5F080DBAF9}.Release|x64.ActiveCfg = Release|x64
		{6B3B91B3-2DFA-4DAF-B7D5-9B5F080DBAF9}.Release|x64.Build.0 = Release|x64
		{6B3B91B3-2DFA-4DAF-B7D5-9B5F080DBAF9}.Release|x86.ActiveCfg = Release|Win32
		{6B3B91B3-2DFA-4DAF-B7D5-9B5F080DBAF9}.Release|x86.Build.0 = Release|Win32
		{76712499-17EA-4DD9-B20D-9F3D56BBA7FD}.Debug|x64.ActiveCfg = Debug|x64
		{76712499-17EA-4DD9-B20D-9F3D56BBA7FD}.Debug|x64.Build.0 = Debug|x64
		{76712499-17EA-4DD9-B20D-9F3D56BBA7FD}.Debug|x86.ActiveCfg = Debug|Win32
		{76712499-17EA-4DD9-B20D-9F3D56BBA7FD}.Debug|x86.Build.0 = Debug|Win32
		{76712499-17EA-4DD9-B20D-9F3D56BBA7FD}.Release|x64.ActiveCfg = Release|x64
		{76712499-17EA-4DD9-B20D-9F3D56BBA7FD}.Release|x64.Build.0 = Release|x64
		{76712499-17EA-4DD9-B20D-9F3D56BBA7FD}.Release|x86.ActiveCfg = Release|Win32
		{76712499-17EA-4DD9-B20D-9F3D56BBA7FD}.Release|x86.Build.0 = Release|Win32
		{A3DED37A-A744-49F4-9619-4A37FD43DC6D}.Debug|x64.ActiveCfg = Debug|x64
		{A3DED37A-A744-49F4-9619-4A37FD43DC6D}.Debug|x64.Build.0 = Debug|x64
		{A3DED37A-A744-49F4-9619-4A37FD43DC6D}.Debug|x86.ActiveCfg = Debug|Win32
		{A3DED37A-A744-49F4-9619-4A37FD43DC6D}.Debug|x86.Build.0 = Debug|Win32
		{A3DED37A-A744-49F4-9619-4A37FD43DC6D}.Release|x64.ActiveCfg = Release|x64
		{A3DED37A-A744-49F4-9619-4A37FD43DC6D}.Release|x64.Build.0 = Release|x64
		{A3DED37A-A744-49F4-9619-4A37FD43DC6D}.Release|x86.ActiveCfg = Release|Win32
		{A3DED37A-A744-49F4-9619-4A37FD43DC6D}.Release|x86.Build.0 = Release|Win32
	EndGlobalSection
	GlobalSection(SolutionProperties) = preSolution
		HideSolutionNode = FALSE
	EndGlobalSection
	GlobalSection(ExtensibilityGlobals) = postSolution
		SolutionGuid = {7F6236C9-7335-4E35-AD44-4E1535CDA56E}
	EndGlobalSection
EndGlobal
